{
  "name": "WEBSITE-AUDITOR",
  "lockfileVersion": 3,
  "requires": true,
  "packages": {
    "": {
      "dependencies": {
        "odiff-bin": "^4.5.0",
        "pixelmatch": "^7.2.0"
      }
    },
    "node_modules/@odiff/darwin-arm64": {
      "version": "4.5.0",
      "resolved": "https://registry.npmjs.org/@odiff/darwin-arm64/-/darwin-arm64-4.5.0.tgz",
      "integrity": "sha512-fztpr/73BNwJqua2xSjGaxkZr9xMVDqYFIKFnZS/MAW1MzHg6lN9r0kno2aY9FSIbCyE6c6/0MqbHs/+AkDhXw==",
      "cpu": [
        "arm64"
      ],
      "license": "MIT",
      "optional": true,
      "os": [
        "darwin"
      ]
    },
    "node_modules/@odiff/darwin-x64": {
      "version": "4.5.0",
      "resolved": "https://registry.npmjs.org/@odiff/darwin-x64/-/darwin-x64-4.5.0.tgz",
      "integrity": "sha512-UXm/Ak+arL5tP8fwUNKR8vuuUGtm9aYOPS2oLzhkoV5/GfK5vY09nusW6Z5c5ka9VYQQyDHRKOUieXTIZKNdxg==",
      "cpu": [
        "x64"
      ],
      "license": "MIT",
      "optional": true,
      "os": [
        "darwin"
      ]
    },
    "node_modules/@odiff/linux-arm64": {
      "version": "4.5.0",
      "resolved": "https://registry.npmjs.org/@odiff/linux-arm64/-/linux-arm64-4.5.0.tgz",
      "integrity": "sha512-tAuSZSW4H6D6rscqpTtZ68dzK+FxbeSSzJHfJqcAmn9k7WWzXIseNRH6XLgFQE8t3bY1u6DqtOxQbE7nQV3ciw==",
      "cpu": [
        "arm64"
      ],
      "license": "MIT",
      "optional": true,
      "os": [
        "linux"
      ]
    },
    "node_modules/@odiff/linux-riscv64": {
      "version": "4.5.0",
      "resolved": "https://registry.npmjs.org/@odiff/linux-riscv64/-/linux-riscv64-4.5.0.tgz",
      "integrity": "sha512-LZ42duK8HpPWNTJplqPufQWD9d5ce26imO1DOHWJoq6sGrYaNaihHJNXOX6EV363lmSEeEZNXZr+xOMgOGJoVg==",
      "cpu": [
        "riscv64"
      ],
      "license": "MIT",
      "optional": true,
      "os": [
        "linux"
      ]
    },
    "node_modules/@odiff/linux-x64": {
      "version": "4.5.0",
      "resolved": "https://registry.npmjs.org/@odiff/linux-x64/-/linux-x64-4.5.0.tgz",
      "integrity": "sha512-9Png/tO5M70Btcsv68wvIGk2GXIbc2CAw71rbeSOyUm7acFK/rOOCt5m4aJR4ZPC+bqEpB5RBp0kccNv9/Ji3A==",
      "cpu": [
        "x64"
      ],
      "license": "MIT",
      "optional": true,
      "os": [
        "linux"
      ]
    },
    "node_modules/@odiff/win32-arm64": {
      "version": "4.5.0",
      "resolved": "https://registry.npmjs.org/@odiff/win32-arm64/-/win32-arm64-4.5.0.tgz",
      "integrity": "sha512-Icz19TRoJXU6hEHppbEd8p4bGhDkE/aeECC/lnQuMMrUE14Meqmj+8Dwr+9/KWifIqDhgebwtH8wnNwH98x5/A==",
      "cpu": [
        "arm64"
      ],
      "license": "MIT",
      "optional": true,
      "os": [
        "win32"
      ]
    },
    "node_modules/@odiff/win32-x64": {
      "version": "4.5.0",
      "resolved": "https://registry.npmjs.org/@odiff/win32-x64/-/win32-x64-4.5.0.tgz",
      "integrity": "sha512-KSwUwFSmIbLxM+aJPrQggqLhMD+AUJMtsxX531Oiskp1n3z3o2V/6meIBdY6w7ZXb6ZvU/M1WjojPViCqiQFLw==",
      "cpu": [
        "x64"
      ],
      "license": "MIT",
      "optional": true,
      "os": [
        "win32"
      ]
    },
    "node_modules/odiff-bin": {
      "version": "4.5.0",
      "resolved": "https://registry.npmjs.org/odiff-bin/-/odiff-bin-4.5.0.tgz",
      "integrity": "sha512-FaXidbI0XDLCjLAet5n5OvRDfr6Fwt/C5SyWPfwgSUvYhCej1rjZjDXb/xdk+N6yTOCeAFaJ5mwTmU4ZthvPaA==",
      "license": "MIT",
      "bin": {
        "odiff": "bin/odiff"
      },
      "optionalDependencies": {
        "@odiff/darwin-arm64": "4.5.0",
        "@odiff/darwin-x64": "4.5.0",
        "@odiff/linux-arm64": "4.5.0",
        "@odiff/linux-riscv64": "4.5.0",
        "@odiff/linux-x64": "4.5.0",
        "@odiff/win32-arm64": "4.5.0",
        "@odiff/win32-x64": "4.5.0"
      }
    },
    "node_modules/pixelmatch": {
      "version": "7.2.0",
      "resolved": "https://registry.npmjs.org/pixelmatch/-/pixelmatch-7.2.0.tgz",
      "integrity": "sha512-xhcb4yHu9sM/G7foGzoLtXYcC0zHEaOXXjRKhGup0fw78Nf2Tkiapv4EQyMzrbcmQPsllAI7DbFY2UT7PlI9Pg==",
      "license": "ISC",
      "dependencies": {
        "pngjs": "^7.0.0"
      },
      "bin": {
        "pixelmatch": "bin/pixelmatch"
      }
    },
    "node_modules/pngjs": {
      "version": "7.0.0",
      "resolved": "https://registry.npmjs.org/pngjs/-/pngjs-7.0.0.tgz",
      "integrity": "sha512-LKWqWJRhstyYo9pGvgor/ivk2w94eSjE3RGVuzLGlr3NmD8bf7RcYGze1mNdEHRP6TRP6rMuDHk5t44hnTRyow==",
      "license": "MIT",
      "engines": {
        "node": ">=14.19.0"
      }
    }
  }
}
